// !$*UTF8*$!
{
	archiveVersion = 1;
	classes = {
	};
	objectVersion = 45;
	objects = {

/* Begin PBXBuildFile section */
		1F6C54DB1308D69100951625 /* libcurl.a in Frameworks */ = {isa = PBXBuildFile; fileRef = 1F6C54DA1308D69100951625 /* libcurl.a */; };
		1F6C54FE1308D9C100951625 /* libxml2.2.dylib in Frameworks */ = {isa = PBXBuildFile; fileRef = 1F6C54FD1308D9C100951625 /* libxml2.2.dylib */; };
		1F6C55B71308E51900951625 /* libkmlbase.0.dylib in Frameworks */ = {isa = PBXBuildFile; fileRef = 1F6C55B01308E51900951625 /* libkmlbase.0.dylib */; };
		1F6C55B81308E51900951625 /* libkmlconvenience.0.dylib in Frameworks */ = {isa = PBXBuildFile; fileRef = 1F6C55B11308E51900951625 /* libkmlconvenience.0.dylib */; };
		1F6C55B91308E51900951625 /* libkmldom.0.dylib in Frameworks */ = {isa = PBXBuildFile; fileRef = 1F6C55B21308E51900951625 /* libkmldom.0.dylib */; };
		1F6C55BA1308E51900951625 /* libkmlengine.0.dylib in Frameworks */ = {isa = PBXBuildFile; fileRef = 1F6C55B31308E51900951625 /* libkmlengine.0.dylib */; };
		1F9A1FBE1309A65D0053EBA9 /* main.cpp in Sources */ = {isa = PBXBuildFile; fileRef = 1F9A1FBB1309A65D0053EBA9 /* main.cpp */; };
		1F9A1FBF1309A65D0053EBA9 /* Webpage.cpp in Sources */ = {isa = PBXBuildFile; fileRef = 1F9A1FBC1309A65D0053EBA9 /* Webpage.cpp */; };
		1FF45BC21308756E002D2889 /* libtidy.A.dylib in Frameworks */ = {isa = PBXBuildFile; fileRef = 1FF45BC11308756E002D2889 /* libtidy.A.dylib */; };
/* End PBXBuildFile section */

/* Begin PBXCopyFilesBuildPhase section */
		8DD76F690486A84900D96B5E /* CopyFiles */ = {
			isa = PBXCopyFilesBuildPhase;
			buildActionMask = 8;
			dstPath = /usr/share/man/man1/;
			dstSubfolderSpec = 0;
			files = (
			);
			runOnlyForDeploymentPostprocessing = 1;
		};
/* End PBXCopyFilesBuildPhase section */

/* Begin PBXFileReference section */
		1F6C54DA1308D69100951625 /* libcurl.a */ = {isa = PBXFileReference; lastKnownFileType = archive.ar; name = libcurl.a; path = /opt/local/lib/libcurl.a; sourceTree = "<absolute>"; };
		1F6C54FD1308D9C100951625 /* libxml2.2.dylib */ = {isa = PBXFileReference; lastKnownFileType = "compiled.mach-o.dylib"; name = libxml2.2.dylib; path = /opt/local/lib/libxml2.2.dylib; sourceTree = "<absolute>"; };
		1F6C55B01308E51900951625 /* libkmlbase.0.dylib */ = {isa = PBXFileReference; lastKnownFileType = "compiled.mach-o.dylib"; name = libkmlbase.0.dylib; path = /usr/local/lib/libkmlbase.0.dylib; sourceTree = "<absolute>"; };
		1F6C55B11308E51900951625 /* libkmlconvenience.0.dylib */ = {isa = PBXFileReference; lastKnownFileType = "compiled.mach-o.dylib"; name = libkmlconvenience.0.dylib; path = /usr/local/lib/libkmlconvenience.0.dylib; sourceTree = "<absolute>"; };
		1F6C55B21308E51900951625 /* libkmldom.0.dylib */ = {isa = PBXFileReference; lastKnownFileType = "compiled.mach-o.dylib"; name = libkmldom.0.dylib; path = /usr/local/lib/libkmldom.0.dylib; sourceTree = "<absolute>"; };
		1F6C55B31308E51900951625 /* libkmlengine.0.dylib */ = {isa = PBXFileReference; lastKnownFileType = "compiled.mach-o.dylib"; name = libkmlengine.0.dylib; path = /usr/local/lib/libkmlengine.0.dylib; sourceTree = "<absolute>"; };
		1F9A1FBB1309A65D0053EBA9 /* main.cpp */ = {isa = PBXFileReference; fileEncoding = 4; lastKnownFileType = sourcecode.cpp.cpp; name = main.cpp; path = src/main.cpp; sourceTree = SOURCE_ROOT; };
		1F9A1FBC1309A65D0053EBA9 /* Webpage.cpp */ = {isa = PBXFileReference; fileEncoding = 4; lastKnownFileType = sourcecode.cpp.cpp; name = Webpage.cpp; path = src/Webpage.cpp; sourceTree = SOURCE_ROOT; };
		1F9A1FBD1309A65D0053EBA9 /* Webpage.h */ = {isa = PBXFileReference; fileEncoding = 4; lastKnownFileType = sourcecode.c.h; name = Webpage.h; path = src/Webpage.h; sourceTree = SOURCE_ROOT; };
		1FBEE9CD1309B96400A2D9FA /* craig2kml.1 */ = {isa = PBXFileReference; fileEncoding = 4; lastKnownFileType = text.man; path = craig2kml.1; sourceTree = SOURCE_ROOT; };
		1FF45BC11308756E002D2889 /* libtidy.A.dylib */ = {isa = PBXFileReference; lastKnownFileType = "compiled.mach-o.dylib"; name = libtidy.A.dylib; path = /usr/lib/libtidy.A.dylib; sourceTree = "<absolute>"; };
		8DD76F6C0486A84900D96B5E /* craig2kmlDebug */ = {isa = PBXFileReference; explicitFileType = "compiled.mach-o.executable"; includeInIndex = 0; path = craig2kmlDebug; sourceTree = BUILT_PRODUCTS_DIR; };
/* End PBXFileReference section */

/* Begin PBXFrameworksBuildPhase section */
		8DD76F660486A84900D96B5E /* Frameworks */ = {
			isa = PBXFrameworksBuildPhase;
			buildActionMask = 2147483647;
			files = (
				1FF45BC21308756E002D2889 /* libtidy.A.dylib in Frameworks */,
				1F6C54DB1308D69100951625 /* libcurl.a in Frameworks */,
				1F6C54FE1308D9C100951625 /* libxml2.2.dylib in Frameworks */,
				1F6C55B71308E51900951625 /* libkmlbase.0.dylib in Frameworks */,
				1F6C55B81308E51900951625 /* libkmlconvenience.0.dylib in Frameworks */,
				1F6C55B91308E51900951625 /* libkmldom.0.dylib in Frameworks */,
				1F6C55BA1308E51900951625 /* libkmlengine.0.dylib in Frameworks */,
			);
			runOnlyForDeploymentPostprocessing = 0;
		};
/* End PBXFrameworksBuildPhase section */

/* Begin PBXGroup section */
		08FB7794FE84155DC02AAC07 /* earthify */ = {
			isa = PBXGroup;
			children = (
				08FB7795FE84155DC02AAC07 /* Source */,
				1F9A1FC11309A6630053EBA9 /* Libs */,
				C6859E8C029090F304C91782 /* Documentation */,
				1AB674ADFE9D54B511CA2CBB /* Products */,
			);
			name = earthify;
			sourceTree = "<group>";
		};
		08FB7795FE84155DC02AAC07 /* Source */ = {
			isa = PBXGroup;
			children = (
				1F9A1FBB1309A65D0053EBA9 /* main.cpp */,
				1F9A1FBC1309A65D0053EBA9 /* Webpage.cpp */,
				1F9A1FBD1309A65D0053EBA9 /* Webpage.h */,
			);
			name = Source;
			sourceTree = "<group>";
		};
		1AB674ADFE9D54B511CA2CBB /* Products */ = {
			isa = PBXGroup;
			children = (
				8DD76F6C0486A84900D96B5E /* craig2kmlDebug */,
			);
			name = Products;
			sourceTree = "<group>";
		};
		1F9A1FC11309A6630053EBA9 /* Libs */ = {
			isa = PBXGroup;
			children = (
				1FF45BC11308756E002D2889 /* libtidy.A.dylib */,
				1F6C54DA1308D69100951625 /* libcurl.a */,
				1F6C54FD1308D9C100951625 /* libxml2.2.dylib */,
				1F6C55B01308E51900951625 /* libkmlbase.0.dylib */,
				1F6C55B11308E51900951625 /* libkmlconvenience.0.dylib */,
				1F6C55B21308E51900951625 /* libkmldom.0.dylib */,
				1F6C55B31308E51900951625 /* libkmlengine.0.dylib */,
			);
			name = Libs;
			sourceTree = "<group>";
		};
		C6859E8C029090F304C91782 /* Documentation */ = {
			isa = PBXGroup;
			children = (
				1FBEE9CD1309B96400A2D9FA /* craig2kml.1 */,
			);
			name = Documentation;
			sourceTree = "<group>";
		};
/* End PBXGroup section */

/* Begin PBXNativeTarget section */
		8DD76F620486A84900D96B5E /* craig2kml */ = {
			isa = PBXNativeTarget;
			buildConfigurationList = 1DEB923108733DC60010E9CD /* Build configuration list for PBXNativeTarget "craig2kml" */;
			buildPhases = (
				8DD76F640486A84900D96B5E /* Sources */,
				8DD76F660486A84900D96B5E /* Frameworks */,
				8DD76F690486A84900D96B5E /* CopyFiles */,
			);
			buildRules = (
			);
			dependencies = (
			);
			name = craig2kml;
			productInstallPath = "$(HOME)/bin";
			productName = earthify;
			productReference = 8DD76F6C0486A84900D96B5E /* craig2kmlDebug */;
			productType = "com.apple.product-type.tool";
		};
/* End PBXNativeTarget section */

/* Begin PBXProject section */
		08FB7793FE84155DC02AAC07 /* Project object */ = {
			isa = PBXProject;
			buildConfigurationList = 1DEB923508733DC60010E9CD /* Build configuration list for PBXProject "craig2kml" */;
			compatibilityVersion = "Xcode 3.1";
			developmentRegion = English;
			hasScannedForEncodings = 1;
			knownRegions = (
				English,
				Japanese,
				French,
				German,
			);
			mainGroup = 08FB7794FE84155DC02AAC07 /* earthify */;
			projectDirPath = "";
			projectRoot = "";
			targets = (
				8DD76F620486A84900D96B5E /* craig2kml */,
			);
		};
/* End PBXProject section */

/* Begin PBXSourcesBuildPhase section */
		8DD76F640486A84900D96B5E /* Sources */ = {
			isa = PBXSourcesBuildPhase;
			buildActionMask = 2147483647;
			files = (
				1F9A1FBE1309A65D0053EBA9 /* main.cpp in Sources */,
				1F9A1FBF1309A65D0053EBA9 /* Webpage.cpp in Sources */,
			);
			runOnlyForDeploymentPostprocessing = 0;
		};
/* End PBXSourcesBuildPhase section */

/* Begin XCBuildConfiguration section */
		1DEB923208733DC60010E9CD /* Debug */ = {
			isa = XCBuildConfiguration;
			buildSettings = {
				ALWAYS_SEARCH_USER_PATHS = NO;
				COPY_PHASE_STRIP = NO;
				GCC_DYNAMIC_NO_PIC = NO;
				GCC_ENABLE_FIX_AND_CONTINUE = YES;
				GCC_MODEL_TUNING = G5;
				GCC_OPTIMIZATION_LEVEL = 0;
				HEADER_SEARCH_PATHS = (
					/usr/include/tidy,
					/usr/local/include,
					/opt/local/include/libxml2,
					"/usr/local/include/kml/**",
				);
				INSTALL_PATH = /usr/local/bin;
				LIBRARY_SEARCH_PATHS = "$(inherited)";
				PRODUCT_NAME = "$(TARGET_NAME)Debug";
			};
			name = Debug;
		};
		1DEB923308733DC60010E9CD /* Release */ = {
			isa = XCBuildConfiguration;
			buildSettings = {
				ALWAYS_SEARCH_USER_PATHS = NO;
				DEBUG_INFORMATION_FORMAT = "dwarf-with-dsym";
				GCC_MODEL_TUNING = G5;
				HEADER_SEARCH_PATHS = (
					/usr/include/tidy,
					/usr/local/include,
					/opt/local/include/libxml2,
					"/usr/local/include/kml/**",
				);
				INSTALL_PATH = /usr/local/bin;
				LIBRARY_SEARCH_PATHS = "$(inherited)";
				PRODUCT_NAME = "$(TARGET_NAME)";
			};
			name = Release;
		};
		1DEB923608733DC60010E9CD /* Debug */ = {
			isa = XCBuildConfiguration;
			buildSettings = {
				ARCHS = "$(ARCHS_STANDARD_32_64_BIT)";
				GCC_C_LANGUAGE_STANDARD = gnu99;
				GCC_OPTIMIZATION_LEVEL = 0;
				GCC_WARN_ABOUT_RETURN_TYPE = YES;
				GCC_WARN_UNUSED_VARIABLE = YES;
				ONLY_ACTIVE_ARCH = YES;
				PREBINDING = NO;
				SDKROOT = macosx10.6;
			};
			name = Debug;
		};
		1DEB923708733DC60010E9CD /* Release */ = {
			isa = XCBuildConfiguration;
			buildSettings = {
				ARCHS = "$(ARCHS_STANDARD_32_64_BIT)";
				GCC_C_LANGUAGE_STANDARD = gnu99;
				GCC_WARN_ABOUT_RETURN_TYPE = YES;
				GCC_WARN_UNUSED_VARIABLE = YES;
				PREBINDING = NO;
				SDKROOT = macosx10.6;
			};
			name = Release;
		};
/* End XCBuildConfiguration section */

/* Begin XCConfigurationList section */
		1DEB923108733DC60010E9CD /* Build configuration list for PBXNativeTarget "craig2kml" */ = {
			isa = XCConfigurationList;
			buildConfigurations = (
				1DEB923208733DC60010E9CD /* Debug */,
				1DEB923308733DC60010E9CD /* Release */,
			);
			defaultConfigurationIsVisible = 0;
			defaultConfigurationName = Release;
		};
		1DEB923508733DC60010E9CD /* Build configuration list for PBXProject "craig2kml" */ = {
			isa = XCConfigurationList;
			buildConfigurations = (
				1DEB923608733DC60010E9CD /* Debug */,
				1DEB923708733DC60010E9CD /* Release */,
			);
			defaultConfigurationIsVisible = 0;
			defaultConfigurationName = Release;
		};
/* End XCConfigurationList section */
	};
	rootObject = 08FB7793FE84155DC02AAC07 /* Project object */;
}
